
Microsoft Visual Studio Solution File, Format Version 12.00
# Visual Studio Version 16
VisualStudioVersion = 16.0.31424.327
MinimumVisualStudioVersion = 10.0.40219.1
Project("{9A19103F-16F7-4668-BE54-9A1E7A4F7556}") = "DailyPlanner", "DailyPlanner\DailyPlanner\DailyPlanner.csproj", "{2F5968E4-F974-4E1C-B1EF-B0E12A3FA5CF}"
EndProject
Project("{FAE04EC0-301F-11D3-BF4B-00C04F79EFBC}") = "DailyPlanner.Android", "DailyPlanner\DailyPlanner.Android\DailyPlanner.Android.csproj", "{8BD47C97-E7C1-49A1-986F-8B018C9837AC}"
EndProject
Project("{FAE04EC0-301F-11D3-BF4B-00C04F79EFBC}") = "DailyPlanner.iOS", "DailyPlanner\DailyPlanner.iOS\DailyPlanner.iOS.csproj", "{134BB13C-E954-4E8A-BB71-8C45E6DF9EAF}"
EndProject
Global
	GlobalSection(SolutionConfigurationPlatforms) = preSolution
		Ad-Hoc|Any CPU = Ad-Hoc|Any CPU
		Ad-Hoc|iPhone = Ad-Hoc|iPhone
		Ad-Hoc|iPhoneSimulator = Ad-Hoc|iPhoneSimulator
		AppStore|Any CPU = AppStore|Any CPU
		AppStore|iPhone = AppStore|iPhone
		AppStore|iPhoneSimulator = AppStore|iPhoneSimulator
		Debug|Any CPU = Debug|Any CPU
		Debug|iPhone = Debug|iPhone
		Debug|iPhoneSimulator = Debug|iPhoneSimulator
		Release|Any CPU = Release|Any CPU
		Release|iPhone = Release|iPhone
		Release|iPhoneSimulator = Release|iPhoneSimulator
	EndGlobalSection
	GlobalSection(ProjectConfigurationPlatforms) = postSolution
		{2F5968E4-F974-4E1C-B1EF-B0E12A3FA5CF}.Ad-Hoc|Any CPU.ActiveCfg = Debug|Any CPU
		{2F5968E4-F974-4E1C-B1EF-B0E12A3FA5CF}.Ad-Hoc|Any CPU.Build.0 = Debug|Any CPU
		{2F5968E4-F974-4E1C-B1EF-B0E12A3FA5CF}.Ad-Hoc|iPhone.ActiveCfg = Debug|Any CPU
		{2F5968E4-F974-4E1C-B1EF-B0E12A3FA5CF}.Ad-Hoc|iPhone.Build.0 = Debug|Any CPU
		{2F5968E4-F974-4E1C-B1EF-B0E12A3FA5CF}.Ad-Hoc|iPhoneSimulator.ActiveCfg = Debug|Any CPU
		{2F5968E4-F974-4E1C-B1EF-B0E12A3FA5CF}.Ad-Hoc|iPhoneSimulator.Build.0 = Debug|Any CPU
		{2F5968E4-F974-4E1C-B1EF-B0E12A3FA5CF}.AppStore|Any CPU.ActiveCfg = Debug|Any CPU
		{2F5968E4-F974-4E1C-B1EF-B0E12A3FA5CF}.AppStore|Any CPU.Build.0 = Debug|Any CPU
		{2F5968E4-F974-4E1C-B1EF-B0E12A3FA5CF}.AppStore|iPhone.ActiveCfg = Debug|Any CPU
		{2F5968E4-F974-4E1C-B1EF-B0E12A3FA5CF}.AppStore|iPhone.Build.0 = Debug|Any CPU
		{2F5968E4-F974-4E1C-B1EF-B0E12A3FA5CF}.AppStore|iPhoneSimulator.ActiveCfg = Debug|Any CPU
		{2F5968E4-F974-4E1C-B1EF-B0E12A3FA5CF}.AppStore|iPhoneSimulator.Build.0 = Debug|Any CPU
		{2F5968E4-F974-4E1C-B1EF-B0E12A3FA5CF}.Debug|Any CPU.ActiveCfg = Debug|Any CPU
		{2F5968E4-F974-4E1C-B1EF-B0E12A3FA5CF}.Debug|Any CPU.Build.0 = Debug|Any CPU
		{2F5968E4-F974-4E1C-B1EF-B0E12A3FA5CF}.Debug|iPhone.ActiveCfg = Debug|Any CPU
		{2F5968E4-F974-4E1C-B1EF-B0E12A3FA5CF}.Debug|iPhone.Build.0 = Debug|Any CPU
		{2F5968E4-F974-4E1C-B1EF-B0E12A3FA5CF}.Debug|iPhoneSimulator.ActiveCfg = Debug|Any CPU
		{2F5968E4-F974-4E1C-B1EF-B0E12A3FA5CF}.Debug|iPhoneSimulator.Build.0 = Debug|Any CPU
		{2F5968E4-F974-4E1C-B1EF-B0E12A3FA5CF}.Release|Any CPU.ActiveCfg = Release|Any CPU
		{2F5968E4-F974-4E1C-B1EF-B0E12A3FA5CF}.Release|Any CPU.Build.0 = Release|Any CPU
		{2F5968E4-F974-4E1C-B1EF-B0E12A3FA5CF}.Release|iPhone.ActiveCfg = Release|Any CPU
		{2F5968E4-F974-4E1C-B1EF-B0E12A3FA5CF}.Release|iPhone.Build.0 = Release|Any CPU
		{2F5968E4-F974-4E1C-B1EF-B0E12A3FA5CF}.Release|iPhoneSimulator.ActiveCfg = Release|Any CPU
		{2F5968E4-F974-4E1C-B1EF-B0E12A3FA5CF}.Release|iPhoneSimulator.Build.0 = Release|Any CPU
		{8BD47C97-E7C1-49A1-986F-8B018C9837AC}.Ad-Hoc|Any CPU.ActiveCfg = Debug|Any CPU
		{8BD47C97-E7C1-49A1-986F-8B018C9837AC}.Ad-Hoc|Any CPU.Build.0 = Debug|Any CPU
		{8BD47C97-E7C1-49A1-986F-8B018C9837AC}.Ad-Hoc|Any CPU.Deploy.0 = Debug|Any CPU
		{8BD47C97-E7C1-49A1-986F-8B018C9837AC}.Ad-Hoc|iPhone.ActiveCfg = Debug|Any CPU
		{8BD47C97-E7C1-49A1-986F-8B018C9837AC}.Ad-Hoc|iPhone.Build.0 = Debug|Any CPU
		{8BD47C97-E7C1-49A1-986F-8B018C9837AC}.Ad-Hoc|iPhone.Deploy.0 = Debug|Any CPU
		{8BD47C97-E7C1-49A1-986F-8B018C9837AC}.Ad-Hoc|iPhoneSimulator.ActiveCfg = Debug|Any CPU
		{8BD47C97-E7C1-49A1-986F-8B018C9837AC}.Ad-Hoc|iPhoneSimulator.Build.0 = Debug|Any CPU
		{8BD47C97-E7C1-49A1-986F-8B018C9837AC}.Ad-Hoc|iPhoneSimulator.Deploy.0 = Debug|Any CPU
		{8BD47C97-E7C1-49A1-986F-8B018C9837AC}.AppStore|Any CPU.ActiveCfg = Debug|Any CPU
		{8BD47C97-E7C1-49A1-986F-8B018C9837AC}.AppStore|Any CPU.Build.0 = Debug|Any CPU
		{8BD47C97-E7C1-49A1-986F-8B018C9837AC}.AppStore|Any CPU.Deploy.0 = Debug|Any CPU
		{8BD47C97-E7C1-49A1-986F-8B018C9837AC}.AppStore|iPhone.ActiveCfg = Debug|Any CPU
		{8BD47C97-E7C1-49A1-986F-8B018C9837AC}.AppStore|iPhone.Build.0 = Debug|Any CPU
		{8BD47C97-E7C1-49A1-986F-8B018C9837AC}.AppStore|iPhone.Deploy.0 = Debug|Any CPU
		{8BD47C97-E7C1-49A1-986F-8B018C9837AC}.AppStore|iPhoneSimulator.ActiveCfg = Debug|Any CPU
		{8BD47C97-E7C1-49A1-986F-8B018C9837AC}.AppStore|iPhoneSimulator.Build.0 = Debug|Any CPU
		{8BD47C97-E7C1-49A1-986F-8B018C9837AC}.AppStore|iPhoneSimulator.Deploy.0 = Debug|Any CPU
		{8BD47C97-E7C1-49A1-986F-8B018C9837AC}.Debug|Any CPU.ActiveCfg = Debug|Any CPU
		{8BD47C97-E7C1-49A1-986F-8B018C9837AC}.Debug|Any CPU.Build.0 = Debug|Any CPU
		{8BD47C97-E7C1-49A1-986F-8B018C9837AC}.Debug|Any CPU.Deploy.0 = Debug|Any CPU
		{8BD47C97-E7C1-49A1-986F-8B018C9837AC}.Debug|iPhone.ActiveCfg = Debug|Any CPU
		{8BD47C97-E7C1-49A1-986F-8B018C9837AC}.Debug|iPhone.Build.0 = Debug|Any CPU
		{8BD47C97-E7C1-49A1-986F-8B018C9837AC}.Debug|iPhone.Deploy.0 = Debug|Any CPU
		{8BD47C97-E7C1-49A1-986F-8B018C9837AC}.Debug|iPhoneSimulator.ActiveCfg = Debug|Any CPU
		{8BD47C97-E7C1-49A1-986F-8B018C9837AC}.Debug|iPhoneSimulator.Build.0 = Debug|Any CPU
		{8BD47C97-E7C1-49A1-986F-8B018C9837AC}.Debug|iPhoneSimulator.Deploy.0 = Debug|Any CPU
		{8BD47C97-E7C1-49A1-986F-8B018C9837AC}.Release|Any CPU.ActiveCfg = Release|Any CPU
		{8BD47C97-E7C1-49A1-986F-8B018C9837AC}.Release|Any CPU.Build.0 = Release|Any CPU
		{8BD47C97-E7C1-49A1-986F-8B018C9837AC}.Release|Any CPU.Deploy.0 = Release|Any CPU
		{8BD47C97-E7C1-49A1-986F-8B018C9837AC}.Release|iPhone.ActiveCfg = Release|Any CPU
		{8BD47C97-E7C1-49A1-986F-8B018C9837AC}.Release|iPhone.Build.0 = Release|Any CPU
		{8BD47C97-E7C1-49A1-986F-8B018C9837AC}.Release|iPhone.Deploy.0 = Release|Any CPU
		{8BD47C97-E7C1-49A1-986F-8B018C9837AC}.Release|iPhoneSimulator.ActiveCfg = Release|Any CPU
		{8BD47C97-E7C1-49A1-986F-8B018C9837AC}.Release|iPhoneSimulator.Build.0 = Release|Any CPU
		{8BD47C97-E7C1-49A1-986F-8B018C9837AC}.Release|iPhoneSimulator.Deploy.0 = Release|Any CPU
		{134BB13C-E954-4E8A-BB71-8C45E6DF9EAF}.Ad-Hoc|Any CPU.ActiveCfg = Ad-Hoc|iPhoneSimulator
		{134BB13C-E954-4E8A-BB71-8C45E6DF9EAF}.Ad-Hoc|iPhone.ActiveCfg = Ad-Hoc|iPhone
		{134BB13C-E954-4E8A-BB71-8C45E6DF9EAF}.Ad-Hoc|iPhone.Build.0 = Ad-Hoc|iPhone
		{134BB13C-E954-4E8A-BB71-8C45E6DF9EAF}.Ad-Hoc|iPhoneSimulator.ActiveCfg = Ad-Hoc|iPhoneSimulator
		{134BB13C-E954-4E8A-BB71-8C45E6DF9EAF}.Ad-Hoc|iPhoneSimulator.Build.0 = Ad-Hoc|iPhoneSimulator
		{134BB13C-E954-4E8A-BB71-8C45E6DF9EAF}.AppStore|Any CPU.ActiveCfg = AppStore|iPhoneSimulator
		{134BB13C-E954-4E8A-BB71-8C45E6DF9EAF}.AppStore|iPhone.ActiveCfg = AppStore|iPhone
		{134BB13C-E954-4E8A-BB71-8C45E6DF9EAF}.AppStore|iPhone.Build.0 = AppStore|iPhone
		{134BB13C-E954-4E8A-BB71-8C45E6DF9EAF}.AppStore|iPhoneSimulator.ActiveCfg = AppStore|iPhoneSimulator
		{134BB13C-E954-4E8A-BB71-8C45E6DF9EAF}.AppStore|iPhoneSimulator.Build.0 = AppStore|iPhoneSimulator
		{134BB13C-E954-4E8A-BB71-8C45E6DF9EAF}.Debug|Any CPU.ActiveCfg = Debug|iPhoneSimulator
		{134BB13C-E954-4E8A-BB71-8C45E6DF9EAF}.Debug|iPhone.ActiveCfg = Debug|iPhone
		{134BB13C-E954-4E8A-BB71-8C45E6DF9EAF}.Debug|iPhone.Build.0 = Debug|iPhone
		{134BB13C-E954-4E8A-BB71-8C45E6DF9EAF}.Debug|iPhone.Deploy.0 = Debug|iPhone
		{134BB13C-E954-4E8A-BB71-8C45E6DF9EAF}.Debug|iPhoneSimulator.ActiveCfg = Debug|iPhoneSimulator
		{134BB13C-E954-4E8A-BB71-8C45E6DF9EAF}.Debug|iPhoneSimulator.Build.0 = Debug|iPhoneSimulator
		{134BB13C-E954-4E8A-BB71-8C45E6DF9EAF}.Release|Any CPU.ActiveCfg = Release|iPhoneSimulator
		{134BB13C-E954-4E8A-BB71-8C45E6DF9EAF}.Release|iPhone.ActiveCfg = Release|iPhone
		{134BB13C-E954-4E8A-BB71-8C45E6DF9EAF}.Release|iPhone.Build.0 = Release|iPhone
		{134BB13C-E954-4E8A-BB71-8C45E6DF9EAF}.Release|iPhone.Deploy.0 = Release|iPhone
		{134BB13C-E954-4E8A-BB71-8C45E6DF9EAF}.Release|iPhoneSimulator.ActiveCfg = Release|iPhoneSimulator
		{134BB13C-E954-4E8A-BB71-8C45E6DF9EAF}.Release|iPhoneSimulator.Build.0 = Release|iPhoneSimulator
	EndGlobalSection
	GlobalSection(SolutionProperties) = preSolution
		HideSolutionNode = FALSE
	EndGlobalSection
	GlobalSection(ExtensibilityGlobals) = postSolution
		SolutionGuid = {4EE7D2BE-2F11-4B72-B15B-DAF9098998CE}
	EndGlobalSection
EndGlobal
